
Microsoft Visual Studio Solution File, Format Version 12.00
# Visual Studio Version 16
VisualStudioVersion = 16.0.31129.286
MinimumVisualStudioVersion = 10.0.40219.1
Project("{D954291E-2A0B-460D-934E-DC6B0785DB48}") = "AAAPK.Core", "src\AAAPK.Core\AAAPK.Core.shproj", "{5A8FDB27-FFCA-4A77-AB0F-AFDEF9A034ED}"
EndProject
Project("{FAE04EC0-301F-11D3-BF4B-00C04F79EFBC}") = "AAAPK.KK", "src\AAAPK.KK\AAAPK.KK.csproj", "{B3730422-288C-47C4-ADA3-0DC609388DF5}"
EndProject
Project("{FAE04EC0-301F-11D3-BF4B-00C04F79EFBC}") = "AAAPK.KKS", "src\AAAPK.KKS\AAAPK.KKS.csproj", "{D3F6C92C-1BAB-4187-8F3B-7F0809F8BC87}"
EndProject
Global
	GlobalSection(SharedMSBuildProjectFiles) = preSolution
		src\AAAPK.Core\AAAPK.Core.projitems*{5a8fdb27-ffca-4a77-ab0f-afdef9a034ed}*SharedItemsImports = 13
		src\AAAPK.Core\AAAPK.Core.projitems*{b3730422-288c-47c4-ada3-0dc609388df5}*SharedItemsImports = 4
		src\AAAPK.Core\AAAPK.Core.projitems*{d3f6c92c-1bab-4187-8f3b-7f0809f8bc87}*SharedItemsImports = 4
	EndGlobalSection
	GlobalSection(SolutionConfigurationPlatforms) = preSolution
		Debug|Any CPU = Debug|Any CPU
		Release|Any CPU = Release|Any CPU
	EndGlobalSection
	GlobalSection(ProjectConfigurationPlatforms) = postSolution
		{B3730422-288C-47C4-ADA3-0DC609388DF5}.Debug|Any CPU.ActiveCfg = Debug|Any CPU
		{B3730422-288C-47C4-ADA3-0DC609388DF5}.Debug|Any CPU.Build.0 = Debug|Any CPU
		{B3730422-288C-47C4-ADA3-0DC609388DF5}.Release|Any CPU.ActiveCfg = Release|Any CPU
		{B3730422-288C-47C4-ADA3-0DC609388DF5}.Release|Any CPU.Build.0 = Release|Any CPU
		{D3F6C92C-1BAB-4187-8F3B-7F0809F8BC87}.Debug|Any CPU.ActiveCfg = Debug|Any CPU
		{D3F6C92C-1BAB-4187-8F3B-7F0809F8BC87}.Debug|Any CPU.Build.0 = Debug|Any CPU
		{D3F6C92C-1BAB-4187-8F3B-7F0809F8BC87}.Release|Any CPU.ActiveCfg = Release|Any CPU
		{D3F6C92C-1BAB-4187-8F3B-7F0809F8BC87}.Release|Any CPU.Build.0 = Release|Any CPU
	EndGlobalSection
	GlobalSection(SolutionProperties) = preSolution
		HideSolutionNode = FALSE
	EndGlobalSection
	GlobalSection(ExtensibilityGlobals) = postSolution
		SolutionGuid = {72FC16D9-1DD1-4D25-8FAA-54FAD73D6316}
	EndGlobalSection
EndGlobal
